
Microsoft Visual Studio Solution File, Format Version 12.00
# Visual Studio Version 16
VisualStudioVersion = 16.0.29905.134
MinimumVisualStudioVersion = 10.0.40219.1
Project("{2150E333-8FDC-42A3-9474-1A3956D46DE8}") = "PHB", "PHB", "{3A1C5E52-28BD-41BF-B76A-95BEEAD24D35}"
EndProject
Project("{2150E333-8FDC-42A3-9474-1A3956D46DE8}") = "Frameworks", "Frameworks", "{B170C18E-0D60-4FF5-B0F4-F6072CBCFD10}"
EndProject
Project("{FAE04EC0-301F-11D3-BF4B-00C04F79EFBC}") = "BTS.SP.API.ENTITY", "BTS.SP.API.ENTITY\BTS.SP.API.ENTITY.csproj", "{3D9AAFE7-4555-415A-AB25-7B94C9D4FB0A}"
EndProject
Project("{FAE04EC0-301F-11D3-BF4B-00C04F79EFBC}") = "BTS.SP.STC", "BTS.SP.STC\BTS.SP.STC.csproj", "{78372962-CE9E-4F9E-AE63-C6516F32E46A}"
EndProject
Project("{FAE04EC0-301F-11D3-BF4B-00C04F79EFBC}") = "BTS.SP.PHB.SERVICE", "BTS.SP.PHB.SERVICE\BTS.SP.PHB.SERVICE.csproj", "{900A6B19-92EF-48BA-A027-D13E0FAF7F18}"
EndProject
Project("{FAE04EC0-301F-11D3-BF4B-00C04F79EFBC}") = "BTS.SP.PHB.ENTITY", "BTS.SP.PHB.ENTITY\BTS.SP.PHB.ENTITY.csproj", "{067FEE0A-EF25-4E4E-8C5C-B58C2D4AA2A1}"
EndProject
Project("{FAE04EC0-301F-11D3-BF4B-00C04F79EFBC}") = "Repository.Pattern", "Frameworks\Repository.Pattern\Repository.Pattern.csproj", "{6E682A14-C872-4813-B620-76E108DEA683}"
EndProject
Project("{FAE04EC0-301F-11D3-BF4B-00C04F79EFBC}") = "Repository.Pattern.Ef6", "Frameworks\Repository.Pattern.Ef6\Repository.Pattern.Ef6.csproj", "{F68A1D19-93FB-47C1-A22B-42BEA3E4FD8C}"
EndProject
Project("{FAE04EC0-301F-11D3-BF4B-00C04F79EFBC}") = "Service.Pattern", "Frameworks\Service.Pattern\Service.Pattern.csproj", "{9244974A-95AB-49CD-A247-493396D243A4}"
EndProject
Project("{FAE04EC0-301F-11D3-BF4B-00C04F79EFBC}") = "BTS.SP.TOOLS", "Frameworks\BTS.SP.TOOLS\BTS.SP.TOOLS.csproj", "{C188887B-CB9E-4EA3-83AE-A99E935E9E65}"
EndProject
Project("{2150E333-8FDC-42A3-9474-1A3956D46DE8}") = "Authorize", "Authorize", "{78C14477-2E1C-40FD-AC01-C3CE07671C58}"
EndProject
Project("{FAE04EC0-301F-11D3-BF4B-00C04F79EFBC}") = "BTS.SP.AUTHENTICATION.API", "Authorize\BTS.SP.AUTHENTICATION.API\BTS.SP.AUTHENTICATION.API.csproj", "{64C55E3B-87C4-4406-9E46-1E929A2C41AD}"
EndProject
Project("{FAE04EC0-301F-11D3-BF4B-00C04F79EFBC}") = "BTS.SP.API.PHB", "BTS.SP.API.PHB\BTS.SP.API.PHB.csproj", "{C12CAFDA-6FCA-4779-8B8E-5C0C396F2E9B}"
EndProject
Global
	GlobalSection(SolutionConfigurationPlatforms) = preSolution
		Debug|Any CPU = Debug|Any CPU
		Debug|x86 = Debug|x86
		Release|Any CPU = Release|Any CPU
		Release|x86 = Release|x86
	EndGlobalSection
	GlobalSection(ProjectConfigurationPlatforms) = postSolution
		{3D9AAFE7-4555-415A-AB25-7B94C9D4FB0A}.Debug|Any CPU.ActiveCfg = Debug|Any CPU
		{3D9AAFE7-4555-415A-AB25-7B94C9D4FB0A}.Debug|Any CPU.Build.0 = Debug|Any CPU
		{3D9AAFE7-4555-415A-AB25-7B94C9D4FB0A}.Debug|x86.ActiveCfg = Debug|Any CPU
		{3D9AAFE7-4555-415A-AB25-7B94C9D4FB0A}.Debug|x86.Build.0 = Debug|Any CPU
		{3D9AAFE7-4555-415A-AB25-7B94C9D4FB0A}.Release|Any CPU.ActiveCfg = Release|Any CPU
		{3D9AAFE7-4555-415A-AB25-7B94C9D4FB0A}.Release|Any CPU.Build.0 = Release|Any CPU
		{3D9AAFE7-4555-415A-AB25-7B94C9D4FB0A}.Release|x86.ActiveCfg = Release|Any CPU
		{3D9AAFE7-4555-415A-AB25-7B94C9D4FB0A}.Release|x86.Build.0 = Release|Any CPU
		{78372962-CE9E-4F9E-AE63-C6516F32E46A}.Debug|Any CPU.ActiveCfg = Debug|Any CPU
		{78372962-CE9E-4F9E-AE63-C6516F32E46A}.Debug|Any CPU.Build.0 = Debug|Any CPU
		{78372962-CE9E-4F9E-AE63-C6516F32E46A}.Debug|Any CPU.Deploy.0 = Debug|Any CPU
		{78372962-CE9E-4F9E-AE63-C6516F32E46A}.Debug|x86.ActiveCfg = Debug|Any CPU
		{78372962-CE9E-4F9E-AE63-C6516F32E46A}.Debug|x86.Build.0 = Debug|Any CPU
		{78372962-CE9E-4F9E-AE63-C6516F32E46A}.Debug|x86.Deploy.0 = Debug|Any CPU
		{78372962-CE9E-4F9E-AE63-C6516F32E46A}.Release|Any CPU.ActiveCfg = Release|Any CPU
		{78372962-CE9E-4F9E-AE63-C6516F32E46A}.Release|Any CPU.Build.0 = Release|Any CPU
		{78372962-CE9E-4F9E-AE63-C6516F32E46A}.Release|Any CPU.Deploy.0 = Release|Any CPU
		{78372962-CE9E-4F9E-AE63-C6516F32E46A}.Release|x86.ActiveCfg = Release|Any CPU
		{78372962-CE9E-4F9E-AE63-C6516F32E46A}.Release|x86.Build.0 = Release|Any CPU
		{78372962-CE9E-4F9E-AE63-C6516F32E46A}.Release|x86.Deploy.0 = Release|Any CPU
		{900A6B19-92EF-48BA-A027-D13E0FAF7F18}.Debug|Any CPU.ActiveCfg = Debug|Any CPU
		{900A6B19-92EF-48BA-A027-D13E0FAF7F18}.Debug|Any CPU.Build.0 = Debug|Any CPU
		{900A6B19-92EF-48BA-A027-D13E0FAF7F18}.Debug|x86.ActiveCfg = Debug|Any CPU
		{900A6B19-92EF-48BA-A027-D13E0FAF7F18}.Debug|x86.Build.0 = Debug|Any CPU
		{900A6B19-92EF-48BA-A027-D13E0FAF7F18}.Release|Any CPU.ActiveCfg = Release|Any CPU
		{900A6B19-92EF-48BA-A027-D13E0FAF7F18}.Release|Any CPU.Build.0 = Release|Any CPU
		{900A6B19-92EF-48BA-A027-D13E0FAF7F18}.Release|x86.ActiveCfg = Release|Any CPU
		{900A6B19-92EF-48BA-A027-D13E0FAF7F18}.Release|x86.Build.0 = Release|Any CPU
		{067FEE0A-EF25-4E4E-8C5C-B58C2D4AA2A1}.Debug|Any CPU.ActiveCfg = Debug|Any CPU
		{067FEE0A-EF25-4E4E-8C5C-B58C2D4AA2A1}.Debug|Any CPU.Build.0 = Debug|Any CPU
		{067FEE0A-EF25-4E4E-8C5C-B58C2D4AA2A1}.Debug|x86.ActiveCfg = Debug|Any CPU
		{067FEE0A-EF25-4E4E-8C5C-B58C2D4AA2A1}.Debug|x86.Build.0 = Debug|Any CPU
		{067FEE0A-EF25-4E4E-8C5C-B58C2D4AA2A1}.Release|Any CPU.ActiveCfg = Release|Any CPU
		{067FEE0A-EF25-4E4E-8C5C-B58C2D4AA2A1}.Release|Any CPU.Build.0 = Release|Any CPU
		{067FEE0A-EF25-4E4E-8C5C-B58C2D4AA2A1}.Release|x86.ActiveCfg = Release|Any CPU
		{067FEE0A-EF25-4E4E-8C5C-B58C2D4AA2A1}.Release|x86.Build.0 = Release|Any CPU
		{6E682A14-C872-4813-B620-76E108DEA683}.Debug|Any CPU.ActiveCfg = Debug|Any CPU
		{6E682A14-C872-4813-B620-76E108DEA683}.Debug|Any CPU.Build.0 = Debug|Any CPU
		{6E682A14-C872-4813-B620-76E108DEA683}.Debug|x86.ActiveCfg = Debug|x86
		{6E682A14-C872-4813-B620-76E108DEA683}.Debug|x86.Build.0 = Debug|x86
		{6E682A14-C872-4813-B620-76E108DEA683}.Release|Any CPU.ActiveCfg = Release|Any CPU
		{6E682A14-C872-4813-B620-76E108DEA683}.Release|Any CPU.Build.0 = Release|Any CPU
		{6E682A14-C872-4813-B620-76E108DEA683}.Release|x86.ActiveCfg = Release|x86
		{6E682A14-C872-4813-B620-76E108DEA683}.Release|x86.Build.0 = Release|x86
		{F68A1D19-93FB-47C1-A22B-42BEA3E4FD8C}.Debug|Any CPU.ActiveCfg = Debug|Any CPU
		{F68A1D19-93FB-47C1-A22B-42BEA3E4FD8C}.Debug|Any CPU.Build.0 = Debug|Any CPU
		{F68A1D19-93FB-47C1-A22B-42BEA3E4FD8C}.Debug|x86.ActiveCfg = Debug|Any CPU
		{F68A1D19-93FB-47C1-A22B-42BEA3E4FD8C}.Debug|x86.Build.0 = Debug|Any CPU
		{F68A1D19-93FB-47C1-A22B-42BEA3E4FD8C}.Release|Any CPU.ActiveCfg = Release|Any CPU
		{F68A1D19-93FB-47C1-A22B-42BEA3E4FD8C}.Release|Any CPU.Build.0 = Release|Any CPU
		{F68A1D19-93FB-47C1-A22B-42BEA3E4FD8C}.Release|x86.ActiveCfg = Release|Any CPU
		{F68A1D19-93FB-47C1-A22B-42BEA3E4FD8C}.Release|x86.Build.0 = Release|Any CPU
		{9244974A-95AB-49CD-A247-493396D243A4}.Debug|Any CPU.ActiveCfg = Debug|Any CPU
		{9244974A-95AB-49CD-A247-493396D243A4}.Debug|Any CPU.Build.0 = Debug|Any CPU
		{9244974A-95AB-49CD-A247-493396D243A4}.Debug|x86.ActiveCfg = Debug|Any CPU
		{9244974A-95AB-49CD-A247-493396D243A4}.Debug|x86.Build.0 = Debug|Any CPU
		{9244974A-95AB-49CD-A247-493396D243A4}.Release|Any CPU.ActiveCfg = Release|Any CPU
		{9244974A-95AB-49CD-A247-493396D243A4}.Release|Any CPU.Build.0 = Release|Any CPU
		{9244974A-95AB-49CD-A247-493396D243A4}.Release|x86.ActiveCfg = Release|Any CPU
		{9244974A-95AB-49CD-A247-493396D243A4}.Release|x86.Build.0 = Release|Any CPU
		{C188887B-CB9E-4EA3-83AE-A99E935E9E65}.Debug|Any CPU.ActiveCfg = Debug|Any CPU
		{C188887B-CB9E-4EA3-83AE-A99E935E9E65}.Debug|Any CPU.Build.0 = Debug|Any CPU
		{C188887B-CB9E-4EA3-83AE-A99E935E9E65}.Debug|x86.ActiveCfg = Debug|Any CPU
		{C188887B-CB9E-4EA3-83AE-A99E935E9E65}.Debug|x86.Build.0 = Debug|Any CPU
		{C188887B-CB9E-4EA3-83AE-A99E935E9E65}.Release|Any CPU.ActiveCfg = Release|Any CPU
		{C188887B-CB9E-4EA3-83AE-A99E935E9E65}.Release|Any CPU.Build.0 = Release|Any CPU
		{C188887B-CB9E-4EA3-83AE-A99E935E9E65}.Release|x86.ActiveCfg = Release|Any CPU
		{C188887B-CB9E-4EA3-83AE-A99E935E9E65}.Release|x86.Build.0 = Release|Any CPU
		{64C55E3B-87C4-4406-9E46-1E929A2C41AD}.Debug|Any CPU.ActiveCfg = Debug|Any CPU
		{64C55E3B-87C4-4406-9E46-1E929A2C41AD}.Debug|Any CPU.Build.0 = Debug|Any CPU
		{64C55E3B-87C4-4406-9E46-1E929A2C41AD}.Debug|x86.ActiveCfg = Debug|Any CPU
		{64C55E3B-87C4-4406-9E46-1E929A2C41AD}.Debug|x86.Build.0 = Debug|Any CPU
		{64C55E3B-87C4-4406-9E46-1E929A2C41AD}.Release|Any CPU.ActiveCfg = Release|Any CPU
		{64C55E3B-87C4-4406-9E46-1E929A2C41AD}.Release|Any CPU.Build.0 = Release|Any CPU
		{64C55E3B-87C4-4406-9E46-1E929A2C41AD}.Release|x86.ActiveCfg = Release|Any CPU
		{64C55E3B-87C4-4406-9E46-1E929A2C41AD}.Release|x86.Build.0 = Release|Any CPU
		{C12CAFDA-6FCA-4779-8B8E-5C0C396F2E9B}.Debug|Any CPU.ActiveCfg = Debug|Any CPU
		{C12CAFDA-6FCA-4779-8B8E-5C0C396F2E9B}.Debug|Any CPU.Build.0 = Debug|Any CPU
		{C12CAFDA-6FCA-4779-8B8E-5C0C396F2E9B}.Debug|x86.ActiveCfg = Debug|Any CPU
		{C12CAFDA-6FCA-4779-8B8E-5C0C396F2E9B}.Debug|x86.Build.0 = Debug|Any CPU
		{C12CAFDA-6FCA-4779-8B8E-5C0C396F2E9B}.Release|Any CPU.ActiveCfg = Release|Any CPU
		{C12CAFDA-6FCA-4779-8B8E-5C0C396F2E9B}.Release|Any CPU.Build.0 = Release|Any CPU
		{C12CAFDA-6FCA-4779-8B8E-5C0C396F2E9B}.Release|x86.ActiveCfg = Release|Any CPU
		{C12CAFDA-6FCA-4779-8B8E-5C0C396F2E9B}.Release|x86.Build.0 = Release|Any CPU
	EndGlobalSection
	GlobalSection(SolutionProperties) = preSolution
		HideSolutionNode = FALSE
	EndGlobalSection
	GlobalSection(NestedProjects) = preSolution
		{900A6B19-92EF-48BA-A027-D13E0FAF7F18} = {3A1C5E52-28BD-41BF-B76A-95BEEAD24D35}
		{067FEE0A-EF25-4E4E-8C5C-B58C2D4AA2A1} = {3A1C5E52-28BD-41BF-B76A-95BEEAD24D35}
		{6E682A14-C872-4813-B620-76E108DEA683} = {B170C18E-0D60-4FF5-B0F4-F6072CBCFD10}
		{F68A1D19-93FB-47C1-A22B-42BEA3E4FD8C} = {B170C18E-0D60-4FF5-B0F4-F6072CBCFD10}
		{9244974A-95AB-49CD-A247-493396D243A4} = {B170C18E-0D60-4FF5-B0F4-F6072CBCFD10}
		{C188887B-CB9E-4EA3-83AE-A99E935E9E65} = {B170C18E-0D60-4FF5-B0F4-F6072CBCFD10}
		{64C55E3B-87C4-4406-9E46-1E929A2C41AD} = {78C14477-2E1C-40FD-AC01-C3CE07671C58}
		{C12CAFDA-6FCA-4779-8B8E-5C0C396F2E9B} = {3A1C5E52-28BD-41BF-B76A-95BEEAD24D35}
	EndGlobalSection
	GlobalSection(ExtensibilityGlobals) = postSolution
		SolutionGuid = {76896804-61B9-48C1-9652-23B1F8BB9D6C}
	EndGlobalSection
EndGlobal
